
Microsoft Visual Studio Solution File, Format Version 12.00
# Visual Studio 15
Project("{FAE04EC0-301F-11D3-BF4B-00C04F79EFBC}") = "TicTacToe", "TicTacToe\TicTacToe.csproj", "{9C452D2D-82EC-4797-A6AA-6A9EABCCAC1A}"
EndProject
Global
	GlobalSection(SolutionConfigurationPlatforms) = preSolution
		Debug|anycpu = Debug|anycpu
		Release|anycpu = Release|anycpu
	EndGlobalSection
	GlobalSection(ProjectConfigurationPlatforms) = postSolution
		{9C452D2D-82EC-4797-A6AA-6A9EABCCAC1A}.Debug|anycpu.ActiveCfg = Debug|anycpu
		{9C452D2D-82EC-4797-A6AA-6A9EABCCAC1A}.Debug|anycpu.Build.0 = Debug|anycpu
		{9C452D2D-82EC-4797-A6AA-6A9EABCCAC1A}.Release|anycpu.ActiveCfg = Release|anycpu
		{9C452D2D-82EC-4797-A6AA-6A9EABCCAC1A}.Release|anycpu.Build.0 = Release|anycpu
	EndGlobalSection
EndGlobal
